
Microsoft Visual Studio Solution File, Format Version 12.00
# Visual Studio Version 17
VisualStudioVersion = 17.8.34511.84
MinimumVisualStudioVersion = 10.0.40219.1
Project("{FAE04EC0-301F-11D3-BF4B-00C04F79EFBC}") = "WordGuesser", "WordGuesser\WordGuesser.csproj", "{B095700B-B2BE-438E-BE3F-A765EF6C7C48}"
EndProject
Global
	GlobalSection(SolutionConfigurationPlatforms) = preSolution
		Debug|Any CPU = Debug|Any CPU
		Release|Any CPU = Release|Any CPU
	EndGlobalSection
	GlobalSection(ProjectConfigurationPlatforms) = postSolution
		{B095700B-B2BE-438E-BE3F-A765EF6C7C48}.Debug|Any CPU.ActiveCfg = Debug|Any CPU
		{B095700B-B2BE-438E-BE3F-A765EF6C7C48}.Debug|Any CPU.Build.0 = Debug|Any CPU
		{B095700B-B2BE-438E-BE3F-A765EF6C7C48}.Release|Any CPU.ActiveCfg = Release|Any CPU
		{B095700B-B2BE-438E-BE3F-A765EF6C7C48}.Release|Any CPU.Build.0 = Release|Any CPU
	EndGlobalSection
	GlobalSection(SolutionProperties) = preSolution
		HideSolutionNode = FALSE
	EndGlobalSection
	GlobalSection(ExtensibilityGlobals) = postSolution
		SolutionGuid = {8D999297-4A3F-487D-83A0-CE4DF653DD56}
	EndGlobalSection
EndGlobal
